--- 
dependencies: 
  vestal_versions: 
    group: 
    - :default
    version: ">= 0"
  fastercsv: 
    group: 
    - :default
    version: = 1.5.3
  ruby-debug: 
    group: 
    - :development
    version: ">= 0"
  spork: 
    group: 
    - :test
    version: = 0.8.4
  rails: 
    group: 
    - :default
    version: = 3.0.0.beta4
  vlad-git: 
    group: 
    - :development
    version: = 2.1.0
  comma: 
    group: 
    - :default
    version: = 0.3.2
  gruff: 
    group: 
    - :default
    version: = 0.3.6
  prawn-core: 
    group: 
    - :default
    version: = 0.8.4
    require: 
    - prawn/core
  mysql: 
    group: 
    - :default
    version: = 2.8.1
  haml: 
    group: 
    - :default
    version: = 3.0.0.rc.5
  prawn: 
    group: 
    - :default
    version: = 0.8.4
  rack-contrib: 
    group: 
    - :profile
    version: ">= 0"
  ruby-prof: 
    group: 
    - :profile
    version: ">= 0"
  treetop: 
    group: 
    - :default
    version: = 1.4.5
  machinist: 
    group: 
    - :test
    version: = 1.0.6
  rspec: 
    group: 
    - :test
    version: = 2.0.0.beta.17
  delayed_job: 
    group: 
    - :default
    version: = 2.0.2
  database_cleaner: 
    group: 
    - :test
    version: = 0.5.2
  sunspot: 
    group: 
    - :default
    version: = 1.1.0
  prawn-layout: 
    group: 
    - :default
    version: = 0.8.4
    require: 
    - prawn/layout
  sunspot_rails: 
    group: 
    - :default
    version: = 1.1.0
    require: 
    - sunspot/rails
  thin: 
    group: 
    - :default
    version: = 1.2.7
  rspec-rails: 
    group: 
    - :test
    version: = 2.0.0.beta.17
  vlad: 
    group: 
    - :development
    version: = 2.0.0
  html_namespacing: 
    group: 
    - :default
    version: = 0.3.0
  will_paginate: 
    group: 
    - :default
    version: = 3.0.pre
  steak: 
    group: 
    - :test
    version: = 0.4.0.beta.1
  rmagick: 
    group: 
    - :default
    version: = 2.12.2
    require: 
    - RMagick
  chronic: 
    group: 
    - :test
    version: = 0.2.3
  delorean: 
    group: 
    - :test
    version: = 0.2.0
  RedCloth: 
    group: 
    - :default
    version: = 4.1.9
  capybara-envjs: 
    group: 
    - :test
    version: = 0.1.5
  capybara: 
    group: 
    - :test
    version: = 0.3.9
  bleak_house: 
    group: 
    - :benchmark
    version: ">= 0"
specs: 
- rake: 
    version: 0.8.7
- RedCloth: 
    version: 4.1.9
- abstract: 
    version: 1.0.0
- activesupport: 
    version: 3.0.0.beta4
- builder: 
    version: 2.1.2
- i18n: 
    version: 0.4.1
- activemodel: 
    version: 3.0.0.beta4
- erubis: 
    version: 2.6.6
- rack: 
    version: 1.1.0
- rack-mount: 
    version: 0.6.9
- rack-test: 
    version: 0.5.4
- tzinfo: 
    version: 0.3.22
- actionpack: 
    version: 3.0.0.beta4
- mime-types: 
    version: "1.16"
- polyglot: 
    version: 0.3.1
- treetop: 
    version: 1.4.5
- mail: 
    version: 2.2.5
- actionmailer: 
    version: 3.0.0.beta4
- arel: 
    version: 0.4.0
- activerecord: 
    version: 3.0.0.beta4
- activeresource: 
    version: 3.0.0.beta4
- adamh-glob_fu: 
    version: 0.0.4
- bleak_house: 
    version: "7.2"
- bundler: 
    version: 0.9.26
- culerity: 
    version: 0.2.10
- nokogiri: 
    version: 1.4.2
- ffi: 
    version: 0.6.3
- json_pure: 
    version: 1.4.3
- selenium-webdriver: 
    version: 0.0.24
- capybara: 
    version: 0.3.9
- stackdeck: 
    version: 0.2.0
- johnson: 
    version: 2.0.0.pre3
- envjs: 
    version: 0.3.7
- capybara-envjs: 
    version: 0.1.5
- rubyforge: 
    version: 2.0.4
- hoe: 
    version: 2.6.1
- chronic: 
    version: 0.2.3
- columnize: 
    version: 0.3.1
- comma: 
    version: 0.3.2
- daemons: 
    version: 1.1.0
- database_cleaner: 
    version: 0.5.2
- delayed_job: 
    version: 2.0.2
- delorean: 
    version: 0.2.0
- diff-lcs: 
    version: 1.1.2
- escape: 
    version: 0.0.4
- eventmachine: 
    version: 0.12.10
- fastercsv: 
    version: 1.5.3
- gruff: 
    version: 0.3.6
- haml: 
    version: 3.0.0.rc.5
- html_namespacing: 
    version: 0.3.0
- linecache: 
    version: "0.43"
- machinist: 
    version: 1.0.6
- mysql: 
    version: 2.8.1
- open4: 
    version: 0.9.6
- prawn-core: 
    version: 0.8.4
- prawn-layout: 
    version: 0.8.4
- prawn-security: 
    version: 0.8.4
- prawn: 
    version: 0.8.4
- rack-contrib: 
    version: 1.0.1
- thor: 
    version: 0.13.8
- railties: 
    version: 3.0.0.beta4
- rails: 
    version: 3.0.0.beta4
- rmagick: 
    version: 2.12.2
- rsolr: 
    version: 0.12.1
- rspec-core: 
    version: 2.0.0.beta.17
- rspec-expectations: 
    version: 2.0.0.beta.17
- rspec-mocks: 
    version: 2.0.0.beta.17
- rspec: 
    version: 2.0.0.beta.17
- webrat: 
    version: 0.7.1
- rspec-rails: 
    version: 2.0.0.beta.17
- ruby-debug-base: 
    version: 0.10.3
- ruby-debug: 
    version: 0.10.3
- ruby-prof: 
    version: 0.8.2
- spork: 
    version: 0.8.4
- steak: 
    version: 0.4.0.beta.1
- sunspot: 
    version: 1.1.0
- sunspot_rails: 
    version: 1.1.0
- thin: 
    version: 1.2.7
- vestal_versions: 
    version: 1.1.0
    source: 0
- vlad: 
    version: 2.0.0
- vlad-git: 
    version: 2.1.0
- will_paginate: 
    version: 3.0.pre
hash: 1cc900f22fb1dd9318acf6adb5ea5c0590a0c7a2
sources: 
- Git: 
    uri: git://github.com/adamh/vestal_versions
    branch: rails3
    git: git://github.com/adamh/vestal_versions
    ref: 9252b0b938e520375e8717d5551a5e41c777c7c4
- Rubygems: 
    uri: http://gemcutter.org
- Rubygems: 
    uri: http://gems.github.com
