--- 
dependencies: 
  ruby-debug: 
    group: 
    - :development
    version: ">= 0"
  fastercsv: 
    group: 
    - :default
    version: = 1.5.3
  rspec-core: 
    group: 
    - :test
    version: = 2.0.0.beta.6
  rails: 
    group: 
    - :default
    version: = 3.0.0.beta3
  comma: 
    group: 
    - :default
    version: = 0.3.2
  gruff: 
    group: 
    - :default
    version: = 0.3.6
  vlad-git: 
    group: 
    - :development
    version: = 2.1.0
  prawn-core: 
    group: 
    - :default
    version: = 0.8.4
    require: 
    - prawn/core
  mysql: 
    group: 
    - :default
    version: = 2.8.1
  haml: 
    group: 
    - :default
    version: = 3.0.0.beta.3
  prawn: 
    group: 
    - :default
    version: = 0.8.4
  treetop: 
    group: 
    - :default
    version: = 1.4.5
  ruby-prof: 
    group: 
    - :benchmark
    version: ">= 0"
  rspec: 
    group: 
    - :test
    version: = 2.0.0.beta.6
  delayed_job: 
    group: 
    - :default
    version: = 2.0.2
  vlad: 
    group: 
    - :development
    version: = 2.0.0
  rspec-rails: 
    group: 
    - :test
    version: = 2.0.0.beta.6
  rspec-expectations: 
    group: 
    - :test
    version: = 2.0.0.beta.6
  sunspot: 
    group: 
    - :default
    version: = 1.1.0
  prawn-layout: 
    group: 
    - :default
    version: = 0.8.4
    require: 
    - prawn/layout
  sunspot_rails: 
    group: 
    - :default
    version: = 1.1.0
    require: 
    - sunspot/rails
  thin: 
    group: 
    - :default
    version: = 1.2.7
  will_paginate: 
    group: 
    - :default
    version: = 3.0.pre
  html_namespacing: 
    group: 
    - :default
    version: = 0.3.0
  webrat: 
    group: 
    - :test
    version: = 0.7.0
  rmagick: 
    group: 
    - :default
    version: = 2.12.2
    require: 
    - RMagick
  RedCloth: 
    group: 
    - :default
    version: = 4.1.9
  rspec-mocks: 
    group: 
    - :test
    version: = 2.0.0.beta.6
  bleak_house: 
    group: 
    - :benchmark
    version: ">= 0"
specs: 
- rake: 
    version: 0.8.7
- RedCloth: 
    version: 4.1.9
- abstract: 
    version: 1.0.0
- builder: 
    version: 2.1.2
- i18n: 
    version: 0.3.7
- memcache-client: 
    version: 1.8.2
- tzinfo: 
    version: 0.3.20
- activesupport: 
    version: 3.0.0.beta3
- activemodel: 
    version: 3.0.0.beta3
- erubis: 
    version: 2.6.5
- rack: 
    version: 1.1.0
- rack-mount: 
    version: 0.6.3
- rack-test: 
    version: 0.5.3
- actionpack: 
    version: 3.0.0.beta3
- mime-types: 
    version: "1.16"
- polyglot: 
    version: 0.3.1
- treetop: 
    version: 1.4.5
- mail: 
    version: 2.2.0
- text-hyphen: 
    version: 1.0.0
- text-format: 
    version: 1.0.0
- actionmailer: 
    version: 3.0.0.beta3
- arel: 
    version: 0.3.3
- activerecord: 
    version: 3.0.0.beta3
- activeresource: 
    version: 3.0.0.beta3
- adamh-glob_fu: 
    version: 0.0.4
- bleak_house: 
    version: "7.2"
- bundler: 
    version: 0.9.23
- columnize: 
    version: 0.3.1
- comma: 
    version: 0.3.2
- daemons: 
    version: 1.0.10
- delayed_job: 
    version: 2.0.2
- escape: 
    version: 0.0.4
- eventmachine: 
    version: 0.12.10
- fastercsv: 
    version: 1.5.3
- gruff: 
    version: 0.3.6
- haml: 
    version: 3.0.0.beta.3
- html_namespacing: 
    version: 0.3.0
- linecache: 
    version: "0.43"
- mysql: 
    version: 2.8.1
- nokogiri: 
    version: 1.4.1
- open4: 
    version: 0.9.6
- prawn-core: 
    version: 0.8.4
- prawn-layout: 
    version: 0.8.4
- prawn-security: 
    version: 0.8.4
- prawn: 
    version: 0.8.4
- thor: 
    version: 0.13.4
- railties: 
    version: 3.0.0.beta3
- rails: 
    version: 3.0.0.beta3
- rmagick: 
    version: 2.12.2
- rsolr: 
    version: 0.12.1
- rspec-core: 
    version: 2.0.0.beta.6
- rspec-expectations: 
    version: 2.0.0.beta.6
- rspec-mocks: 
    version: 2.0.0.beta.6
- rspec: 
    version: 2.0.0.beta.6
- webrat: 
    version: 0.7.0
- rspec-rails: 
    version: 2.0.0.beta.6
- ruby-debug-base: 
    version: 0.10.3
- ruby-debug: 
    version: 0.10.3
- ruby-prof: 
    version: 0.8.1
- sunspot: 
    version: 1.1.0
- sunspot_rails: 
    version: 1.1.0
- thin: 
    version: 1.2.7
- vlad: 
    version: 2.0.0
- vlad-git: 
    version: 2.1.0
- will_paginate: 
    version: 3.0.pre
hash: 4f26a1a35a439f1f802ad27446787566556737db
sources: 
- Rubygems: 
    uri: http://gemcutter.org
- Rubygems: 
    uri: http://gems.github.com
